
Microsoft Visual Studio Solution File, Format Version 12.00
# Visual Studio Version 17
VisualStudioVersion = 17.11.35118.90
MinimumVisualStudioVersion = 10.0.40219.1
Project("{9A19103F-16F7-4668-BE54-9A1E7A4F7556}") = "WebApiOpenApi", "WebApiOpenApi\WebApiOpenApi.csproj", "{72AB0FC0-F95A-4219-AFD2-637698DE7CD8}"
EndProject
Project("{2150E333-8FDC-42A3-9474-1A3956D46DE8}") = "Solution Items", "Solution Items", "{D8E9B70F-00E4-4B31-ADD3-5164A5F4AE81}"
	ProjectSection(SolutionItems) = preProject
		README.md = README.md
	EndProjectSection
EndProject
Global
	GlobalSection(SolutionConfigurationPlatforms) = preSolution
		Debug|Any CPU = Debug|Any CPU
		Release|Any CPU = Release|Any CPU
	EndGlobalSection
	GlobalSection(ProjectConfigurationPlatforms) = postSolution
		{72AB0FC0-F95A-4219-AFD2-637698DE7CD8}.Debug|Any CPU.ActiveCfg = Debug|Any CPU
		{72AB0FC0-F95A-4219-AFD2-637698DE7CD8}.Debug|Any CPU.Build.0 = Debug|Any CPU
		{72AB0FC0-F95A-4219-AFD2-637698DE7CD8}.Release|Any CPU.ActiveCfg = Release|Any CPU
		{72AB0FC0-F95A-4219-AFD2-637698DE7CD8}.Release|Any CPU.Build.0 = Release|Any CPU
	EndGlobalSection
	GlobalSection(SolutionProperties) = preSolution
		HideSolutionNode = FALSE
	EndGlobalSection
	GlobalSection(ExtensibilityGlobals) = postSolution
		SolutionGuid = {91E41BEC-4146-4B37-B4CD-C2B62E0B8990}
	EndGlobalSection
EndGlobal
